
Microsoft Visual Studio Solution File, Format Version 12.00
# Visual Studio Version 16
VisualStudioVersion = 16.0.29123.88
MinimumVisualStudioVersion = 10.0.40219.1
Project("{FAE04EC0-301F-11D3-BF4B-00C04F79EFBC}") = "Cw1Apbd", "Cw1Apbd\Cw1Apbd.csproj", "{FCE9AF9A-3622-48C0-99A8-C856FA4B522F}"
EndProject
Global
	GlobalSection(SolutionConfigurationPlatforms) = preSolution
		Debug|Any CPU = Debug|Any CPU
		Release|Any CPU = Release|Any CPU
	EndGlobalSection
	GlobalSection(ProjectConfigurationPlatforms) = postSolution
		{FCE9AF9A-3622-48C0-99A8-C856FA4B522F}.Debug|Any CPU.ActiveCfg = Debug|Any CPU
		{FCE9AF9A-3622-48C0-99A8-C856FA4B522F}.Debug|Any CPU.Build.0 = Debug|Any CPU
		{FCE9AF9A-3622-48C0-99A8-C856FA4B522F}.Release|Any CPU.ActiveCfg = Release|Any CPU
		{FCE9AF9A-3622-48C0-99A8-C856FA4B522F}.Release|Any CPU.Build.0 = Release|Any CPU
	EndGlobalSection
	GlobalSection(SolutionProperties) = preSolution
		HideSolutionNode = FALSE
	EndGlobalSection
	GlobalSection(ExtensibilityGlobals) = postSolution
		SolutionGuid = {134F68E2-2551-4FA3-9021-5A3223BFFA4C}
	EndGlobalSection
EndGlobal
